
Microsoft Visual Studio Solution File, Format Version 12.00
# Visual Studio Version 17
VisualStudioVersion = 17.0.31903.59
MinimumVisualStudioVersion = 10.0.40219.1
Project("{FAE04EC0-301F-11D3-BF4B-00C04F79EFBC}") = "StreamDingo", "StreamDingo\StreamDingo.csproj", "{79C2998D-9266-4C8B-969D-2C571B63E05E}"
EndProject
Project("{FAE04EC0-301F-11D3-BF4B-00C04F79EFBC}") = "StreamDingo.Tests", "StreamDingo.Tests\StreamDingo.Tests.csproj", "{80A3D494-70F7-4F94-9071-B439B1696D07}"
EndProject
Global
	GlobalSection(SolutionConfigurationPlatforms) = preSolution
		Debug|Any CPU = Debug|Any CPU
		Release|Any CPU = Release|Any CPU
	EndGlobalSection
	GlobalSection(SolutionProperties) = preSolution
		HideSolutionNode = FALSE
	EndGlobalSection
	GlobalSection(ProjectConfigurationPlatforms) = postSolution
		{79C2998D-9266-4C8B-969D-2C571B63E05E}.Debug|Any CPU.ActiveCfg = Debug|Any CPU
		{79C2998D-9266-4C8B-969D-2C571B63E05E}.Debug|Any CPU.Build.0 = Debug|Any CPU
		{79C2998D-9266-4C8B-969D-2C571B63E05E}.Release|Any CPU.ActiveCfg = Release|Any CPU
		{79C2998D-9266-4C8B-969D-2C571B63E05E}.Release|Any CPU.Build.0 = Release|Any CPU
		{80A3D494-70F7-4F94-9071-B439B1696D07}.Debug|Any CPU.ActiveCfg = Debug|Any CPU
		{80A3D494-70F7-4F94-9071-B439B1696D07}.Debug|Any CPU.Build.0 = Debug|Any CPU
		{80A3D494-70F7-4F94-9071-B439B1696D07}.Release|Any CPU.ActiveCfg = Release|Any CPU
		{80A3D494-70F7-4F94-9071-B439B1696D07}.Release|Any CPU.Build.0 = Release|Any CPU
	EndGlobalSection
EndGlobal
